
Microsoft Visual Studio Solution File, Format Version 12.00
# Visual Studio Version 17
VisualStudioVersion = 17.13.35818.85 d17.13
MinimumVisualStudioVersion = 10.0.40219.1
Project("{FAE04EC0-301F-11D3-BF4B-00C04F79EFBC}") = "Scraper.Presenter", "Scraper.Presenter.csproj", "{DEDD5FC9-A823-4030-9F3B-A33B80661DEF}"
EndProject
Project("{FAE04EC0-301F-11D3-BF4B-00C04F79EFBC}") = "Scraper.Core", "..\Scraper.Core\Scraper.Core.csproj", "{FA6605E7-AF11-4795-B16B-69C351A40167}"
EndProject
Global
	GlobalSection(SolutionConfigurationPlatforms) = preSolution
		Debug|Any CPU = Debug|Any CPU
		Release|Any CPU = Release|Any CPU
	EndGlobalSection
	GlobalSection(ProjectConfigurationPlatforms) = postSolution
		{DEDD5FC9-A823-4030-9F3B-A33B80661DEF}.Debug|Any CPU.ActiveCfg = Debug|Any CPU
		{DEDD5FC9-A823-4030-9F3B-A33B80661DEF}.Debug|Any CPU.Build.0 = Debug|Any CPU
		{DEDD5FC9-A823-4030-9F3B-A33B80661DEF}.Release|Any CPU.ActiveCfg = Release|Any CPU
		{DEDD5FC9-A823-4030-9F3B-A33B80661DEF}.Release|Any CPU.Build.0 = Release|Any CPU
		{FA6605E7-AF11-4795-B16B-69C351A40167}.Debug|Any CPU.ActiveCfg = Debug|Any CPU
		{FA6605E7-AF11-4795-B16B-69C351A40167}.Debug|Any CPU.Build.0 = Debug|Any CPU
		{FA6605E7-AF11-4795-B16B-69C351A40167}.Release|Any CPU.ActiveCfg = Release|Any CPU
		{FA6605E7-AF11-4795-B16B-69C351A40167}.Release|Any CPU.Build.0 = Release|Any CPU
	EndGlobalSection
	GlobalSection(SolutionProperties) = preSolution
		HideSolutionNode = FALSE
	EndGlobalSection
	GlobalSection(ExtensibilityGlobals) = postSolution
		SolutionGuid = {7905D72A-FFBA-4043-A365-EA68123AF2D4}
	EndGlobalSection
EndGlobal
